
Microsoft Visual Studio Solution File, Format Version 12.00
# Visual Studio Version 17
VisualStudioVersion = 17.6.33417.168
MinimumVisualStudioVersion = 10.0.40219.1
Project("{9A19103F-16F7-4668-BE54-9A1E7A4F7556}") = "Yaevh.EventSourcing.Core", "Yaevh.EventSourcing.Core\Yaevh.EventSourcing.Core.csproj", "{D4CC1AC4-734E-49DE-92D1-4CADAEB509FE}"
EndProject
Project("{9A19103F-16F7-4668-BE54-9A1E7A4F7556}") = "Yaevh.EventSourcing.Core.Tests", "Yaevh.EventSourcing.Core.Tests\Yaevh.EventSourcing.Core.Tests.csproj", "{A2255176-16E0-47D4-9AFC-3B0FDCEB92B6}"
EndProject
Project("{9A19103F-16F7-4668-BE54-9A1E7A4F7556}") = "Yaevh.EventSourcing.Core.Specs", "Yaevh.EventSourcing.Core.Specs\Yaevh.EventSourcing.Core.Specs.csproj", "{432EAE84-2738-49C0-91F8-11CE6AAD223C}"
EndProject
Project("{9A19103F-16F7-4668-BE54-9A1E7A4F7556}") = "Yaevh.EventSourcing.SQLite", "Yaevh.EventSourcing.SQLite\Yaevh.EventSourcing.SQLite.csproj", "{B6DD8990-1A88-4C21-86B5-9760E37B827E}"
EndProject
Project("{9A19103F-16F7-4668-BE54-9A1E7A4F7556}") = "Yaevh.EventSourcing.SQLite.Tests", "Yaevh.EventSourcing.SQLite.Tests\Yaevh.EventSourcing.SQLite.Tests.csproj", "{09BDEAF4-60E6-4744-8BC9-76BCC2B88C91}"
EndProject
Project("{2150E333-8FDC-42A3-9474-1A3956D46DE8}") = "Solution Items", "Solution Items", "{1A5E458F-8005-4E23-ACF2-67582D56F843}"
	ProjectSection(SolutionItems) = preProject
		LICENSE = LICENSE
		README.md = README.md
		TODO.txt = TODO.txt
	EndProjectSection
EndProject
Global
	GlobalSection(SolutionConfigurationPlatforms) = preSolution
		Debug|Any CPU = Debug|Any CPU
		Release|Any CPU = Release|Any CPU
	EndGlobalSection
	GlobalSection(ProjectConfigurationPlatforms) = postSolution
		{D4CC1AC4-734E-49DE-92D1-4CADAEB509FE}.Debug|Any CPU.ActiveCfg = Debug|Any CPU
		{D4CC1AC4-734E-49DE-92D1-4CADAEB509FE}.Debug|Any CPU.Build.0 = Debug|Any CPU
		{D4CC1AC4-734E-49DE-92D1-4CADAEB509FE}.Release|Any CPU.ActiveCfg = Release|Any CPU
		{D4CC1AC4-734E-49DE-92D1-4CADAEB509FE}.Release|Any CPU.Build.0 = Release|Any CPU
		{A2255176-16E0-47D4-9AFC-3B0FDCEB92B6}.Debug|Any CPU.ActiveCfg = Debug|Any CPU
		{A2255176-16E0-47D4-9AFC-3B0FDCEB92B6}.Debug|Any CPU.Build.0 = Debug|Any CPU
		{A2255176-16E0-47D4-9AFC-3B0FDCEB92B6}.Release|Any CPU.ActiveCfg = Release|Any CPU
		{A2255176-16E0-47D4-9AFC-3B0FDCEB92B6}.Release|Any CPU.Build.0 = Release|Any CPU
		{432EAE84-2738-49C0-91F8-11CE6AAD223C}.Debug|Any CPU.ActiveCfg = Debug|Any CPU
		{432EAE84-2738-49C0-91F8-11CE6AAD223C}.Debug|Any CPU.Build.0 = Debug|Any CPU
		{432EAE84-2738-49C0-91F8-11CE6AAD223C}.Release|Any CPU.ActiveCfg = Release|Any CPU
		{432EAE84-2738-49C0-91F8-11CE6AAD223C}.Release|Any CPU.Build.0 = Release|Any CPU
		{B6DD8990-1A88-4C21-86B5-9760E37B827E}.Debug|Any CPU.ActiveCfg = Debug|Any CPU
		{B6DD8990-1A88-4C21-86B5-9760E37B827E}.Debug|Any CPU.Build.0 = Debug|Any CPU
		{B6DD8990-1A88-4C21-86B5-9760E37B827E}.Release|Any CPU.ActiveCfg = Release|Any CPU
		{B6DD8990-1A88-4C21-86B5-9760E37B827E}.Release|Any CPU.Build.0 = Release|Any CPU
		{09BDEAF4-60E6-4744-8BC9-76BCC2B88C91}.Debug|Any CPU.ActiveCfg = Debug|Any CPU
		{09BDEAF4-60E6-4744-8BC9-76BCC2B88C91}.Debug|Any CPU.Build.0 = Debug|Any CPU
		{09BDEAF4-60E6-4744-8BC9-76BCC2B88C91}.Release|Any CPU.ActiveCfg = Release|Any CPU
		{09BDEAF4-60E6-4744-8BC9-76BCC2B88C91}.Release|Any CPU.Build.0 = Release|Any CPU
	EndGlobalSection
	GlobalSection(SolutionProperties) = preSolution
		HideSolutionNode = FALSE
	EndGlobalSection
	GlobalSection(ExtensibilityGlobals) = postSolution
		SolutionGuid = {65C9EBDC-5FA6-4A3A-92C1-7C5F5328511C}
	EndGlobalSection
EndGlobal
